{
  "version": 4,
  "terraform_version": "1.7.3",
  "serial": 700,
  "lineage": "156212f0-0006-07f0-c026-a2a213b617d1",
  "outputs": {
    "kubernetes_api_dns_name": {
      "value": "k8s-elb-319016940.us-east-2.elb.amazonaws.com",
      "type": "string"
    },
    "kubernetes_workers_public_ip": {
      "value": "3.15.235.55",
      "type": "string"
    }
  },
  "resources": [
    {
      "mode": "data",
      "type": "template_file",
      "name": "certificates",
      "provider": "provider[\"registry.terraform.io/hashicorp/template\"]",
      "instances": [
        {
          "schema_version": 0,
          "attributes": {
            "filename": null,
            "id": "2aab976e68d68f970a7697e7e16ad002c47e071677e7942d2830cded19d37d55",
            "rendered": "{\n  \"CN\": \"kubernetes\",\n  \"hosts\": [\n    \"worker0\",\n    \"worker1\",\n    \"worker2\",\n    \"10.31.0.1\",\n    \"10.43.0.20\",\n    \"\",\n    \"\",\n    \"10.43.0.10\",\n    \"\",\n    \"\",\n    \"10.43.0.30\",\n    \"\",\n    \"\",\n    \"ip-10-43-0-20.us-east-2.compute.internal\",\n    \"\",\n    \"\",\n    \"ip-10-43-0-10.us-east-2.compute.internal\",\n    \"\",\n    \"\",\n    \"ip-10-43-0-30.us-east-2.compute.internal\",\n    \"\",\n    \"\",\n    \"k8s-elb-319016940.us-east-2.elb.amazonaws.com\",\n    \"127.0.0.1\"\n  ],\n  \"key\": {\n    \"algo\": \"rsa\",\n    \"size\": 2048\n  },\n  \"names\": [\n    {\n      \"C\": \"UK\",\n      \"L\": \"London\",\n      \"O\": \"OpenCredo\",\n      \"OU\": \"Cluster\"\n    }\n  ]\n}\n",
            "template": "{\n  \"CN\": \"kubernetes\",\n  \"hosts\": [\n    \"worker0\",\n    \"worker1\",\n    \"worker2\",\n    \"${kubernetes_cluster_dns}\",\n    \"${controller0_ip}\",\n    \"${controller1_ip}\",\n    \"${controller2_ip}\",\n    \"${etcd0_ip}\",\n    \"${etcd1_ip}\",\n    \"${etcd2_ip}\",\n    \"${worker0_ip}\",\n    \"${worker1_ip}\",\n    \"${worker2_ip}\",\n    \"${controller0_dns}\",\n    \"${controller1_dns}\",\n    \"${controller2_dns}\",\n    \"${etcd0_dns}\",\n    \"${etcd1_dns}\",\n    \"${etcd2_dns}\",\n    \"${worker0_dns}\",\n    \"${worker1_dns}\",\n    \"${worker2_dns}\",\n    \"${kubernetes_api_elb_dns_name}\",\n    \"127.0.0.1\"\n  ],\n  \"key\": {\n    \"algo\": \"rsa\",\n    \"size\": 2048\n  },\n  \"names\": [\n    {\n      \"C\": \"UK\",\n      \"L\": \"London\",\n      \"O\": \"OpenCredo\",\n      \"OU\": \"Cluster\"\n    }\n  ]\n}\n",
            "vars": {
              "controller0_dns": "ip-10-43-0-20.us-east-2.compute.internal",
              "controller0_ip": "10.43.0.20",
              "controller1_dns": "",
              "controller1_ip": "",
              "controller2_dns": "",
              "controller2_ip": "",
              "etcd0_dns": "ip-10-43-0-10.us-east-2.compute.internal",
              "etcd0_ip": "10.43.0.10",
              "etcd1_dns": "",
              "etcd1_ip": "",
              "etcd2_dns": "",
              "etcd2_ip": "",
              "kubernetes_api_elb_dns_name": "k8s-elb-319016940.us-east-2.elb.amazonaws.com",
              "kubernetes_cluster_dns": "10.31.0.1",
              "worker0_dns": "ip-10-43-0-30.us-east-2.compute.internal",
              "worker0_ip": "10.43.0.30",
              "worker1_dns": "",
              "worker1_ip": "",
              "worker2_dns": "",
              "worker2_ip": ""
            }
          },
          "sensitive_attributes": []
        }
      ]
    },
    {
      "mode": "data",
      "type": "template_file",
      "name": "ssh_cfg",
      "provider": "provider[\"registry.terraform.io/hashicorp/template\"]",
      "instances": [
        {
          "schema_version": 0,
          "attributes": {
            "filename": null,
            "id": "de344e1dd6cd6ecc640ff125166d97e1e51b5abbbb77981dbabe9159da80ec27",
            "rendered": "Host etcd0\n  Hostname 18.118.166.155\n  User ubuntu\n  UserKnownHostsFile=/dev/null\n  StrictHostKeyChecking=no\n\nHost etcd1\n  Hostname \n  User ubuntu\n  UserKnownHostsFile=/dev/null\n  StrictHostKeyChecking=no\n\nHost etcd2\n  Hostname \n  User ubuntu\n  UserKnownHostsFile=/dev/null\n  StrictHostKeyChecking=no\n\nHost controller0\n  Hostname 18.226.177.72\n  User ubuntu\n  UserKnownHostsFile=/dev/null\n  StrictHostKeyChecking=no\n\nHost controller1\n  Hostname \n  User ubuntu\n  UserKnownHostsFile=/dev/null\n  StrictHostKeyChecking=no\n\nHost controller2\n  Hostname \n  User ubuntu\n  UserKnownHostsFile=/dev/null\n  StrictHostKeyChecking=no\n\nHost worker0\n  Hostname 3.15.235.55\n  User ubuntu\n  UserKnownHostsFile=/dev/null\n  StrictHostKeyChecking=no\n\nHost worker1\n  Hostname \n  User ubuntu\n  UserKnownHostsFile=/dev/null\n  StrictHostKeyChecking=no\n\nHost worker2\n  Hostname \n  User ubuntu\n  UserKnownHostsFile=/dev/null\n  StrictHostKeyChecking=no\n",
            "template": "Host etcd0\n  Hostname ${etcd0_ip}\n  User ${user}\n  UserKnownHostsFile=/dev/null\n  StrictHostKeyChecking=no\n\nHost etcd1\n  Hostname ${etcd1_ip}\n  User ${user}\n  UserKnownHostsFile=/dev/null\n  StrictHostKeyChecking=no\n\nHost etcd2\n  Hostname ${etcd2_ip}\n  User ${user}\n  UserKnownHostsFile=/dev/null\n  StrictHostKeyChecking=no\n\nHost controller0\n  Hostname ${controller0_ip}\n  User ${user}\n  UserKnownHostsFile=/dev/null\n  StrictHostKeyChecking=no\n\nHost controller1\n  Hostname ${controller1_ip}\n  User ${user}\n  UserKnownHostsFile=/dev/null\n  StrictHostKeyChecking=no\n\nHost controller2\n  Hostname ${controller2_ip}\n  User ${user}\n  UserKnownHostsFile=/dev/null\n  StrictHostKeyChecking=no\n\nHost worker0\n  Hostname ${worker0_ip}\n  User ${user}\n  UserKnownHostsFile=/dev/null\n  StrictHostKeyChecking=no\n\nHost worker1\n  Hostname ${worker1_ip}\n  User ${user}\n  UserKnownHostsFile=/dev/null\n  StrictHostKeyChecking=no\n\nHost worker2\n  Hostname ${worker2_ip}\n  User ${user}\n  UserKnownHostsFile=/dev/null\n  StrictHostKeyChecking=no\n",
            "vars": {
              "controller0_ip": "18.226.177.72",
              "controller1_ip": "",
              "controller2_ip": "",
              "etcd0_ip": "18.118.166.155",
              "etcd1_ip": "",
              "etcd2_ip": "",
              "user": "ubuntu",
              "worker0_ip": "3.15.235.55",
              "worker1_ip": "",
              "worker2_ip": ""
            }
          },
          "sensitive_attributes": []
        }
      ]
    },
    {
      "mode": "managed",
      "type": "aws_elb",
      "name": "kubernetes_api",
      "provider": "provider[\"registry.terraform.io/hashicorp/aws\"]",
      "instances": [
        {
          "schema_version": 0,
          "attributes": {
            "access_logs": [],
            "arn": "arn:aws:elasticloadbalancing:us-east-2:835708988591:loadbalancer/k8s-elb",
            "availability_zones": [
              "us-east-2a"
            ],
            "connection_draining": false,
            "connection_draining_timeout": 300,
            "cross_zone_load_balancing": false,
            "desync_mitigation_mode": "defensive",
            "dns_name": "k8s-elb-319016940.us-east-2.elb.amazonaws.com",
            "health_check": [
              {
                "healthy_threshold": 2,
                "interval": 30,
                "target": "HTTP:8080/healthz",
                "timeout": 15,
                "unhealthy_threshold": 2
              }
            ],
            "id": "k8s-elb",
            "idle_timeout": 60,
            "instances": [
              "i-09c4dc4ffcfc76bd9"
            ],
            "internal": false,
            "listener": [
              {
                "instance_port": 6443,
                "instance_protocol": "TCP",
                "lb_port": 6443,
                "lb_protocol": "TCP",
                "ssl_certificate_id": ""
              }
            ],
            "name": "k8s-elb",
            "name_prefix": "",
            "security_groups": [
              "sg-0a2d4625bde9ff077"
            ],
            "source_security_group": "835708988591/kubernetes-api",
            "source_security_group_id": "sg-0a2d4625bde9ff077",
            "subnets": [
              "subnet-00e51000188e5275e"
            ],
            "tags": {
              "Name": "kubernetes",
              "Owner": "Zahid"
            },
            "tags_all": {
              "Name": "kubernetes",
              "Owner": "Zahid"
            },
            "timeouts": null,
            "zone_id": "Z3AADJGX6KTTL2"
          },
          "sensitive_attributes": [],
          "private": "eyJlMmJmYjczMC1lY2FhLTExZTYtOGY4OC0zNDM2M2JjN2M0YzAiOnsiY3JlYXRlIjozMDAwMDAwMDAwMDAsInVwZGF0ZSI6MzAwMDAwMDAwMDAwfX0=",
          "dependencies": [
            "aws_iam_instance_profile.kubernetes",
            "aws_iam_role.kubernetes",
            "aws_instance.controller",
            "aws_security_group.kubernetes",
            "aws_security_group.kubernetes_api",
            "aws_subnet.kubernetes",
            "aws_vpc.kubernetes"
          ]
        }
      ]
    },
    {
      "mode": "managed",
      "type": "aws_iam_instance_profile",
      "name": "kubernetes",
      "provider": "provider[\"registry.terraform.io/hashicorp/aws\"]",
      "instances": [
        {
          "schema_version": 0,
          "attributes": {
            "arn": "arn:aws:iam::835708988591:instance-profile/kubernetes",
            "create_date": "2024-02-20T05:16:09Z",
            "id": "kubernetes",
            "name": "kubernetes",
            "name_prefix": "",
            "path": "/",
            "role": "kubernetes",
            "tags": null,
            "tags_all": {},
            "unique_id": "AIPA4FFBDFSX2TNY7IKII"
          },
          "sensitive_attributes": [],
          "private": "bnVsbA==",
          "dependencies": [
            "aws_iam_role.kubernetes"
          ]
        }
      ]
    },
    {
      "mode": "managed",
      "type": "aws_iam_role",
      "name": "kubernetes",
      "provider": "provider[\"registry.terraform.io/hashicorp/aws\"]",
      "instances": [
        {
          "schema_version": 0,
          "attributes": {
            "arn": "arn:aws:iam::835708988591:role/kubernetes",
            "assume_role_policy": "{\"Statement\":[{\"Action\":\"sts:AssumeRole\",\"Effect\":\"Allow\",\"Principal\":{\"Service\":\"ec2.amazonaws.com\"}}],\"Version\":\"2012-10-17\"}",
            "create_date": "2024-02-20T05:16:09Z",
            "description": "",
            "force_detach_policies": false,
            "id": "kubernetes",
            "inline_policy": [],
            "managed_policy_arns": [],
            "max_session_duration": 3600,
            "name": "kubernetes",
            "name_prefix": "",
            "path": "/",
            "permissions_boundary": "",
            "tags": null,
            "tags_all": {},
            "unique_id": "AROA4FFBDFSXZABJL3CWS"
          },
          "sensitive_attributes": [],
          "private": "bnVsbA=="
        }
      ]
    },
    {
      "mode": "managed",
      "type": "aws_iam_role_policy",
      "name": "kubernetes",
      "provider": "provider[\"registry.terraform.io/hashicorp/aws\"]",
      "instances": [
        {
          "schema_version": 0,
          "attributes": {
            "id": "kubernetes:kubernetes",
            "name": "kubernetes",
            "name_prefix": "",
            "policy": "{\"Version\":\"2012-10-17\",\"Statement\":[{\"Action\":[\"ec2:*\"],\"Effect\":\"Allow\",\"Resource\":[\"*\"]},{\"Action\":[\"elasticloadbalancing:*\"],\"Effect\":\"Allow\",\"Resource\":[\"*\"]},{\"Action\":\"route53:*\",\"Effect\":\"Allow\",\"Resource\":[\"*\"]},{\"Action\":\"ecr:*\",\"Effect\":\"Allow\",\"Resource\":\"*\"}]}",
            "role": "kubernetes"
          },
          "sensitive_attributes": [],
          "private": "bnVsbA==",
          "dependencies": [
            "aws_iam_role.kubernetes"
          ]
        }
      ]
    },
    {
      "mode": "managed",
      "type": "aws_instance",
      "name": "controller",
      "provider": "provider[\"registry.terraform.io/hashicorp/aws\"]",
      "instances": [
        {
          "index_key": 0,
          "schema_version": 1,
          "attributes": {
            "ami": "ami-07b36ea9852e986ad",
            "arn": "arn:aws:ec2:us-east-2:835708988591:instance/i-09c4dc4ffcfc76bd9",
            "associate_public_ip_address": true,
            "availability_zone": "us-east-2a",
            "capacity_reservation_specification": [
              {
                "capacity_reservation_preference": "open",
                "capacity_reservation_target": []
              }
            ],
            "cpu_core_count": 1,
            "cpu_options": [
              {
                "amd_sev_snp": "",
                "core_count": 1,
                "threads_per_core": 1
              }
            ],
            "cpu_threads_per_core": 1,
            "credit_specification": [
              {
                "cpu_credits": "standard"
              }
            ],
            "disable_api_stop": false,
            "disable_api_termination": false,
            "ebs_block_device": [],
            "ebs_optimized": false,
            "enclave_options": [
              {
                "enabled": false
              }
            ],
            "ephemeral_block_device": [],
            "get_password_data": false,
            "hibernation": false,
            "host_id": "",
            "host_resource_group_arn": null,
            "iam_instance_profile": "kubernetes",
            "id": "i-09c4dc4ffcfc76bd9",
            "instance_initiated_shutdown_behavior": "stop",
            "instance_lifecycle": "",
            "instance_market_options": [],
            "instance_state": "running",
            "instance_type": "t2.micro",
            "ipv6_address_count": 0,
            "ipv6_addresses": [],
            "key_name": "k8's-ubuntu-master-node.pem",
            "launch_template": [],
            "maintenance_options": [
              {
                "auto_recovery": "default"
              }
            ],
            "metadata_options": [
              {
                "http_endpoint": "enabled",
                "http_protocol_ipv6": "disabled",
                "http_put_response_hop_limit": 1,
                "http_tokens": "optional",
                "instance_metadata_tags": "disabled"
              }
            ],
            "monitoring": false,
            "network_interface": [],
            "outpost_arn": "",
            "password_data": "",
            "placement_group": "",
            "placement_partition_number": 0,
            "primary_network_interface_id": "eni-0ef30bb9b5f8e3528",
            "private_dns": "ip-10-43-0-20.us-east-2.compute.internal",
            "private_dns_name_options": [
              {
                "enable_resource_name_dns_a_record": false,
                "enable_resource_name_dns_aaaa_record": false,
                "hostname_type": "ip-name"
              }
            ],
            "private_ip": "10.43.0.20",
            "public_dns": "ec2-18-226-177-72.us-east-2.compute.amazonaws.com",
            "public_ip": "18.226.177.72",
            "root_block_device": [
              {
                "delete_on_termination": true,
                "device_name": "/dev/sda1",
                "encrypted": false,
                "iops": 100,
                "kms_key_id": "",
                "tags": {},
                "throughput": 0,
                "volume_id": "vol-078992555c16e51b3",
                "volume_size": 8,
                "volume_type": "gp2"
              }
            ],
            "secondary_private_ips": [],
            "security_groups": [],
            "source_dest_check": false,
            "spot_instance_request_id": "",
            "subnet_id": "subnet-00e51000188e5275e",
            "tags": {
              "Name": "controller-0",
              "Owner": "Zahid",
              "ansibleFilter": "Kubernetes01",
              "ansibleNodeName": "controller0",
              "ansibleNodeType": "controller"
            },
            "tags_all": {
              "Name": "controller-0",
              "Owner": "Zahid",
              "ansibleFilter": "Kubernetes01",
              "ansibleNodeName": "controller0",
              "ansibleNodeType": "controller"
            },
            "tenancy": "default",
            "timeouts": null,
            "user_data": null,
            "user_data_base64": null,
            "user_data_replace_on_change": false,
            "volume_tags": null,
            "vpc_security_group_ids": [
              "sg-010ec3ac26be5771e"
            ]
          },
          "sensitive_attributes": [],
          "private": "eyJlMmJmYjczMC1lY2FhLTExZTYtOGY4OC0zNDM2M2JjN2M0YzAiOnsiY3JlYXRlIjo2MDAwMDAwMDAwMDAsImRlbGV0ZSI6MTIwMDAwMDAwMDAwMCwidXBkYXRlIjo2MDAwMDAwMDAwMDB9LCJzY2hlbWFfdmVyc2lvbiI6IjEifQ==",
          "dependencies": [
            "aws_iam_instance_profile.kubernetes",
            "aws_iam_role.kubernetes",
            "aws_security_group.kubernetes",
            "aws_security_group.kubernetes_api",
            "aws_subnet.kubernetes",
            "aws_vpc.kubernetes"
          ]
        }
      ]
    },
    {
      "mode": "managed",
      "type": "aws_instance",
      "name": "etcd",
      "provider": "provider[\"registry.terraform.io/hashicorp/aws\"]",
      "instances": [
        {
          "index_key": 0,
          "schema_version": 1,
          "attributes": {
            "ami": "ami-07b36ea9852e986ad",
            "arn": "arn:aws:ec2:us-east-2:835708988591:instance/i-01c33435934c9b19e",
            "associate_public_ip_address": true,
            "availability_zone": "us-east-2a",
            "capacity_reservation_specification": [
              {
                "capacity_reservation_preference": "open",
                "capacity_reservation_target": []
              }
            ],
            "cpu_core_count": 1,
            "cpu_options": [
              {
                "amd_sev_snp": "",
                "core_count": 1,
                "threads_per_core": 1
              }
            ],
            "cpu_threads_per_core": 1,
            "credit_specification": [
              {
                "cpu_credits": "standard"
              }
            ],
            "disable_api_stop": false,
            "disable_api_termination": false,
            "ebs_block_device": [],
            "ebs_optimized": false,
            "enclave_options": [
              {
                "enabled": false
              }
            ],
            "ephemeral_block_device": [],
            "get_password_data": false,
            "hibernation": false,
            "host_id": "",
            "host_resource_group_arn": null,
            "iam_instance_profile": "",
            "id": "i-01c33435934c9b19e",
            "instance_initiated_shutdown_behavior": "stop",
            "instance_lifecycle": "",
            "instance_market_options": [],
            "instance_state": "running",
            "instance_type": "t2.micro",
            "ipv6_address_count": 0,
            "ipv6_addresses": [],
            "key_name": "k8's-ubuntu-master-node.pem",
            "launch_template": [],
            "maintenance_options": [
              {
                "auto_recovery": "default"
              }
            ],
            "metadata_options": [
              {
                "http_endpoint": "enabled",
                "http_protocol_ipv6": "disabled",
                "http_put_response_hop_limit": 1,
                "http_tokens": "optional",
                "instance_metadata_tags": "disabled"
              }
            ],
            "monitoring": false,
            "network_interface": [],
            "outpost_arn": "",
            "password_data": "",
            "placement_group": "",
            "placement_partition_number": 0,
            "primary_network_interface_id": "eni-0f82ea38dd8412f61",
            "private_dns": "ip-10-43-0-10.us-east-2.compute.internal",
            "private_dns_name_options": [
              {
                "enable_resource_name_dns_a_record": false,
                "enable_resource_name_dns_aaaa_record": false,
                "hostname_type": "ip-name"
              }
            ],
            "private_ip": "10.43.0.10",
            "public_dns": "ec2-18-118-166-155.us-east-2.compute.amazonaws.com",
            "public_ip": "18.118.166.155",
            "root_block_device": [
              {
                "delete_on_termination": true,
                "device_name": "/dev/sda1",
                "encrypted": false,
                "iops": 100,
                "kms_key_id": "",
                "tags": {},
                "throughput": 0,
                "volume_id": "vol-03812e4bde078382c",
                "volume_size": 8,
                "volume_type": "gp2"
              }
            ],
            "secondary_private_ips": [],
            "security_groups": [],
            "source_dest_check": true,
            "spot_instance_request_id": "",
            "subnet_id": "subnet-00e51000188e5275e",
            "tags": {
              "Name": "etcd-0",
              "Owner": "Zahid",
              "ansibleFilter": "Kubernetes01",
              "ansibleNodeName": "etcd0",
              "ansibleNodeType": "etcd"
            },
            "tags_all": {
              "Name": "etcd-0",
              "Owner": "Zahid",
              "ansibleFilter": "Kubernetes01",
              "ansibleNodeName": "etcd0",
              "ansibleNodeType": "etcd"
            },
            "tenancy": "default",
            "timeouts": null,
            "user_data": null,
            "user_data_base64": null,
            "user_data_replace_on_change": false,
            "volume_tags": null,
            "vpc_security_group_ids": [
              "sg-010ec3ac26be5771e"
            ]
          },
          "sensitive_attributes": [],
          "private": "eyJlMmJmYjczMC1lY2FhLTExZTYtOGY4OC0zNDM2M2JjN2M0YzAiOnsiY3JlYXRlIjo2MDAwMDAwMDAwMDAsImRlbGV0ZSI6MTIwMDAwMDAwMDAwMCwidXBkYXRlIjo2MDAwMDAwMDAwMDB9LCJzY2hlbWFfdmVyc2lvbiI6IjEifQ==",
          "dependencies": [
            "aws_security_group.kubernetes",
            "aws_security_group.kubernetes_api",
            "aws_subnet.kubernetes",
            "aws_vpc.kubernetes"
          ]
        }
      ]
    },
    {
      "mode": "managed",
      "type": "aws_instance",
      "name": "worker",
      "provider": "provider[\"registry.terraform.io/hashicorp/aws\"]",
      "instances": [
        {
          "index_key": 0,
          "schema_version": 1,
          "attributes": {
            "ami": "ami-07b36ea9852e986ad",
            "arn": "arn:aws:ec2:us-east-2:835708988591:instance/i-0fd34e21089576caa",
            "associate_public_ip_address": true,
            "availability_zone": "us-east-2a",
            "capacity_reservation_specification": [
              {
                "capacity_reservation_preference": "open",
                "capacity_reservation_target": []
              }
            ],
            "cpu_core_count": 1,
            "cpu_options": [
              {
                "amd_sev_snp": "",
                "core_count": 1,
                "threads_per_core": 1
              }
            ],
            "cpu_threads_per_core": 1,
            "credit_specification": [
              {
                "cpu_credits": "standard"
              }
            ],
            "disable_api_stop": false,
            "disable_api_termination": false,
            "ebs_block_device": [],
            "ebs_optimized": false,
            "enclave_options": [
              {
                "enabled": false
              }
            ],
            "ephemeral_block_device": [],
            "get_password_data": false,
            "hibernation": false,
            "host_id": "",
            "host_resource_group_arn": null,
            "iam_instance_profile": "",
            "id": "i-0fd34e21089576caa",
            "instance_initiated_shutdown_behavior": "stop",
            "instance_lifecycle": "",
            "instance_market_options": [],
            "instance_state": "running",
            "instance_type": "t2.micro",
            "ipv6_address_count": 0,
            "ipv6_addresses": [],
            "key_name": "k8's-ubuntu-master-node.pem",
            "launch_template": [],
            "maintenance_options": [
              {
                "auto_recovery": "default"
              }
            ],
            "metadata_options": [
              {
                "http_endpoint": "enabled",
                "http_protocol_ipv6": "disabled",
                "http_put_response_hop_limit": 1,
                "http_tokens": "optional",
                "instance_metadata_tags": "disabled"
              }
            ],
            "monitoring": false,
            "network_interface": [],
            "outpost_arn": "",
            "password_data": "",
            "placement_group": "",
            "placement_partition_number": 0,
            "primary_network_interface_id": "eni-0362deab9c07bef04",
            "private_dns": "ip-10-43-0-30.us-east-2.compute.internal",
            "private_dns_name_options": [
              {
                "enable_resource_name_dns_a_record": false,
                "enable_resource_name_dns_aaaa_record": false,
                "hostname_type": "ip-name"
              }
            ],
            "private_ip": "10.43.0.30",
            "public_dns": "ec2-3-15-235-55.us-east-2.compute.amazonaws.com",
            "public_ip": "3.15.235.55",
            "root_block_device": [
              {
                "delete_on_termination": true,
                "device_name": "/dev/sda1",
                "encrypted": false,
                "iops": 100,
                "kms_key_id": "",
                "tags": {},
                "throughput": 0,
                "volume_id": "vol-0a0c859fe79f2fc37",
                "volume_size": 8,
                "volume_type": "gp2"
              }
            ],
            "secondary_private_ips": [],
            "security_groups": [],
            "source_dest_check": false,
            "spot_instance_request_id": "",
            "subnet_id": "subnet-00e51000188e5275e",
            "tags": {
              "Name": "worker-0",
              "Owner": "Zahid",
              "ansibleFilter": "Kubernetes01",
              "ansibleNodeName": "worker0",
              "ansibleNodeType": "worker"
            },
            "tags_all": {
              "Name": "worker-0",
              "Owner": "Zahid",
              "ansibleFilter": "Kubernetes01",
              "ansibleNodeName": "worker0",
              "ansibleNodeType": "worker"
            },
            "tenancy": "default",
            "timeouts": null,
            "user_data": null,
            "user_data_base64": null,
            "user_data_replace_on_change": false,
            "volume_tags": null,
            "vpc_security_group_ids": [
              "sg-010ec3ac26be5771e"
            ]
          },
          "sensitive_attributes": [],
          "private": "eyJlMmJmYjczMC1lY2FhLTExZTYtOGY4OC0zNDM2M2JjN2M0YzAiOnsiY3JlYXRlIjo2MDAwMDAwMDAwMDAsImRlbGV0ZSI6MTIwMDAwMDAwMDAwMCwidXBkYXRlIjo2MDAwMDAwMDAwMDB9LCJzY2hlbWFfdmVyc2lvbiI6IjEifQ==",
          "dependencies": [
            "aws_security_group.kubernetes",
            "aws_security_group.kubernetes_api",
            "aws_subnet.kubernetes",
            "aws_vpc.kubernetes"
          ]
        }
      ]
    },
    {
      "mode": "managed",
      "type": "aws_internet_gateway",
      "name": "gw",
      "provider": "provider[\"registry.terraform.io/hashicorp/aws\"]",
      "instances": [
        {
          "schema_version": 0,
          "attributes": {
            "arn": "arn:aws:ec2:us-east-2:835708988591:internet-gateway/igw-047be263a2fb0795f",
            "id": "igw-047be263a2fb0795f",
            "owner_id": "835708988591",
            "tags": {
              "Name": "kubernetes",
              "Owner": "Zahid"
            },
            "tags_all": {
              "Name": "kubernetes",
              "Owner": "Zahid"
            },
            "timeouts": null,
            "vpc_id": "vpc-03b4abb4473ecca73"
          },
          "sensitive_attributes": [],
          "private": "eyJlMmJmYjczMC1lY2FhLTExZTYtOGY4OC0zNDM2M2JjN2M0YzAiOnsiY3JlYXRlIjoxMjAwMDAwMDAwMDAwLCJkZWxldGUiOjEyMDAwMDAwMDAwMDAsInVwZGF0ZSI6MTIwMDAwMDAwMDAwMH19",
          "dependencies": [
            "aws_vpc.kubernetes"
          ]
        }
      ]
    },
    {
      "mode": "managed",
      "type": "aws_key_pair",
      "name": "default_keypair",
      "provider": "provider[\"registry.terraform.io/hashicorp/aws\"]",
      "instances": [
        {
          "schema_version": 1,
          "attributes": {
            "arn": "arn:aws:ec2:us-east-2:835708988591:key-pair/k8's-ubuntu-master-node.pem",
            "fingerprint": "imBgzAUN0YlhAEzIqtxUeNc/7HY55WWbY2Ehm1AeLc4=",
            "id": "k8's-ubuntu-master-node.pem",
            "key_name": "k8's-ubuntu-master-node.pem",
            "key_name_prefix": "",
            "key_pair_id": "key-042715c3239cd1d05",
            "key_type": "ed25519",
            "public_key": "ssh-ed25519 AAAAC3NzaC1lZDI1NTE5AAAAIKkzyhxqcxndPlrdhslRi0aYGczUuMcMMHvsWO3GImyM root@ip-10-0-14-219.us-east-2.compute.internal",
            "tags": null,
            "tags_all": {}
          },
          "sensitive_attributes": [],
          "private": "eyJzY2hlbWFfdmVyc2lvbiI6IjEifQ=="
        }
      ]
    },
    {
      "mode": "managed",
      "type": "aws_route_table",
      "name": "kubernetes",
      "provider": "provider[\"registry.terraform.io/hashicorp/aws\"]",
      "instances": [
        {
          "schema_version": 0,
          "attributes": {
            "arn": "arn:aws:ec2:us-east-2:835708988591:route-table/rtb-0367d4ce5a53872ae",
            "id": "rtb-0367d4ce5a53872ae",
            "owner_id": "835708988591",
            "propagating_vgws": [],
            "route": [
              {
                "carrier_gateway_id": "",
                "cidr_block": "0.0.0.0/0",
                "core_network_arn": "",
                "destination_prefix_list_id": "",
                "egress_only_gateway_id": "",
                "gateway_id": "igw-047be263a2fb0795f",
                "ipv6_cidr_block": "",
                "local_gateway_id": "",
                "nat_gateway_id": "",
                "network_interface_id": "",
                "transit_gateway_id": "",
                "vpc_endpoint_id": "",
                "vpc_peering_connection_id": ""
              }
            ],
            "tags": {
              "Name": "kubernetes",
              "Owner": "Zahid"
            },
            "tags_all": {
              "Name": "kubernetes",
              "Owner": "Zahid"
            },
            "timeouts": null,
            "vpc_id": "vpc-03b4abb4473ecca73"
          },
          "sensitive_attributes": [],
          "private": "eyJlMmJmYjczMC1lY2FhLTExZTYtOGY4OC0zNDM2M2JjN2M0YzAiOnsiY3JlYXRlIjozMDAwMDAwMDAwMDAsImRlbGV0ZSI6MzAwMDAwMDAwMDAwLCJ1cGRhdGUiOjEyMDAwMDAwMDAwMH19",
          "dependencies": [
            "aws_internet_gateway.gw",
            "aws_vpc.kubernetes"
          ]
        }
      ]
    },
    {
      "mode": "managed",
      "type": "aws_route_table_association",
      "name": "kubernetes",
      "provider": "provider[\"registry.terraform.io/hashicorp/aws\"]",
      "instances": [
        {
          "schema_version": 0,
          "attributes": {
            "gateway_id": "",
            "id": "rtbassoc-011cb167fe2c9799b",
            "route_table_id": "rtb-0367d4ce5a53872ae",
            "subnet_id": "subnet-00e51000188e5275e",
            "timeouts": null
          },
          "sensitive_attributes": [],
          "private": "eyJlMmJmYjczMC1lY2FhLTExZTYtOGY4OC0zNDM2M2JjN2M0YzAiOnsiY3JlYXRlIjozMDAwMDAwMDAwMDAsImRlbGV0ZSI6MzAwMDAwMDAwMDAwLCJ1cGRhdGUiOjEyMDAwMDAwMDAwMH19",
          "dependencies": [
            "aws_internet_gateway.gw",
            "aws_route_table.kubernetes",
            "aws_subnet.kubernetes",
            "aws_vpc.kubernetes"
          ]
        }
      ]
    },
    {
      "mode": "managed",
      "type": "aws_security_group",
      "name": "kubernetes",
      "provider": "provider[\"registry.terraform.io/hashicorp/aws\"]",
      "instances": [
        {
          "schema_version": 1,
          "attributes": {
            "arn": "arn:aws:ec2:us-east-2:835708988591:security-group/sg-010ec3ac26be5771e",
            "description": "Managed by Terraform",
            "egress": [
              {
                "cidr_blocks": [
                  "0.0.0.0/0"
                ],
                "description": "",
                "from_port": 0,
                "ipv6_cidr_blocks": [],
                "prefix_list_ids": [],
                "protocol": "-1",
                "security_groups": [],
                "self": false,
                "to_port": 0
              }
            ],
            "id": "sg-010ec3ac26be5771e",
            "ingress": [
              {
                "cidr_blocks": [
                  "0.0.0.0/0"
                ],
                "description": "",
                "from_port": 22,
                "ipv6_cidr_blocks": [],
                "prefix_list_ids": [],
                "protocol": "tcp",
                "security_groups": [],
                "self": false,
                "to_port": 22
              },
              {
                "cidr_blocks": [
                  "10.43.0.0/16"
                ],
                "description": "",
                "from_port": 0,
                "ipv6_cidr_blocks": [],
                "prefix_list_ids": [],
                "protocol": "-1",
                "security_groups": [],
                "self": false,
                "to_port": 0
              },
              {
                "cidr_blocks": [
                  "123.45.67.89/32"
                ],
                "description": "",
                "from_port": 0,
                "ipv6_cidr_blocks": [],
                "prefix_list_ids": [],
                "protocol": "-1",
                "security_groups": [],
                "self": false,
                "to_port": 0
              },
              {
                "cidr_blocks": [
                  "123.45.67.89/32"
                ],
                "description": "",
                "from_port": 8,
                "ipv6_cidr_blocks": [],
                "prefix_list_ids": [],
                "protocol": "icmp",
                "security_groups": [],
                "self": false,
                "to_port": 0
              },
              {
                "cidr_blocks": [],
                "description": "",
                "from_port": 0,
                "ipv6_cidr_blocks": [],
                "prefix_list_ids": [],
                "protocol": "-1",
                "security_groups": [
                  "sg-0a2d4625bde9ff077"
                ],
                "self": false,
                "to_port": 0
              }
            ],
            "name": "kubernetes",
            "name_prefix": "",
            "owner_id": "835708988591",
            "revoke_rules_on_delete": false,
            "tags": {
              "Name": "kubernetes",
              "Owner": "Zahid"
            },
            "tags_all": {
              "Name": "kubernetes",
              "Owner": "Zahid"
            },
            "timeouts": null,
            "vpc_id": "vpc-03b4abb4473ecca73"
          },
          "sensitive_attributes": [],
          "private": "eyJlMmJmYjczMC1lY2FhLTExZTYtOGY4OC0zNDM2M2JjN2M0YzAiOnsiY3JlYXRlIjo2MDAwMDAwMDAwMDAsImRlbGV0ZSI6OTAwMDAwMDAwMDAwfSwic2NoZW1hX3ZlcnNpb24iOiIxIn0=",
          "dependencies": [
            "aws_security_group.kubernetes_api",
            "aws_vpc.kubernetes"
          ]
        }
      ]
    },
    {
      "mode": "managed",
      "type": "aws_security_group",
      "name": "kubernetes_api",
      "provider": "provider[\"registry.terraform.io/hashicorp/aws\"]",
      "instances": [
        {
          "schema_version": 1,
          "attributes": {
            "arn": "arn:aws:ec2:us-east-2:835708988591:security-group/sg-0a2d4625bde9ff077",
            "description": "Managed by Terraform",
            "egress": [
              {
                "cidr_blocks": [
                  "0.0.0.0/0"
                ],
                "description": "",
                "from_port": 0,
                "ipv6_cidr_blocks": [],
                "prefix_list_ids": [],
                "protocol": "-1",
                "security_groups": [],
                "self": false,
                "to_port": 0
              }
            ],
            "id": "sg-0a2d4625bde9ff077",
            "ingress": [
              {
                "cidr_blocks": [
                  "0.0.0.0/0"
                ],
                "description": "",
                "from_port": 6443,
                "ipv6_cidr_blocks": [],
                "prefix_list_ids": [],
                "protocol": "tcp",
                "security_groups": [],
                "self": false,
                "to_port": 6443
              }
            ],
            "name": "kubernetes-api",
            "name_prefix": "",
            "owner_id": "835708988591",
            "revoke_rules_on_delete": false,
            "tags": {
              "Name": "kubernetes-api",
              "Owner": "Zahid"
            },
            "tags_all": {
              "Name": "kubernetes-api",
              "Owner": "Zahid"
            },
            "timeouts": null,
            "vpc_id": "vpc-03b4abb4473ecca73"
          },
          "sensitive_attributes": [],
          "private": "eyJlMmJmYjczMC1lY2FhLTExZTYtOGY4OC0zNDM2M2JjN2M0YzAiOnsiY3JlYXRlIjo2MDAwMDAwMDAwMDAsImRlbGV0ZSI6OTAwMDAwMDAwMDAwfSwic2NoZW1hX3ZlcnNpb24iOiIxIn0=",
          "dependencies": [
            "aws_vpc.kubernetes"
          ]
        }
      ]
    },
    {
      "mode": "managed",
      "type": "aws_subnet",
      "name": "kubernetes",
      "provider": "provider[\"registry.terraform.io/hashicorp/aws\"]",
      "instances": [
        {
          "schema_version": 1,
          "attributes": {
            "arn": "arn:aws:ec2:us-east-2:835708988591:subnet/subnet-00e51000188e5275e",
            "assign_ipv6_address_on_creation": false,
            "availability_zone": "us-east-2a",
            "availability_zone_id": "use2-az1",
            "cidr_block": "10.43.0.0/16",
            "customer_owned_ipv4_pool": "",
            "enable_dns64": false,
            "enable_lni_at_device_index": 0,
            "enable_resource_name_dns_a_record_on_launch": false,
            "enable_resource_name_dns_aaaa_record_on_launch": false,
            "id": "subnet-00e51000188e5275e",
            "ipv6_cidr_block": "",
            "ipv6_cidr_block_association_id": "",
            "ipv6_native": false,
            "map_customer_owned_ip_on_launch": false,
            "map_public_ip_on_launch": false,
            "outpost_arn": "",
            "owner_id": "835708988591",
            "private_dns_hostname_type_on_launch": "ip-name",
            "tags": {
              "Name": "kubernetes",
              "Owner": "Zahid"
            },
            "tags_all": {
              "Name": "kubernetes",
              "Owner": "Zahid"
            },
            "timeouts": null,
            "vpc_id": "vpc-03b4abb4473ecca73"
          },
          "sensitive_attributes": [],
          "private": "eyJlMmJmYjczMC1lY2FhLTExZTYtOGY4OC0zNDM2M2JjN2M0YzAiOnsiY3JlYXRlIjo2MDAwMDAwMDAwMDAsImRlbGV0ZSI6MTIwMDAwMDAwMDAwMH0sInNjaGVtYV92ZXJzaW9uIjoiMSJ9",
          "dependencies": [
            "aws_vpc.kubernetes"
          ]
        }
      ]
    },
    {
      "mode": "managed",
      "type": "aws_vpc",
      "name": "kubernetes",
      "provider": "provider[\"registry.terraform.io/hashicorp/aws\"]",
      "instances": [
        {
          "schema_version": 1,
          "attributes": {
            "arn": "arn:aws:ec2:us-east-2:835708988591:vpc/vpc-03b4abb4473ecca73",
            "assign_generated_ipv6_cidr_block": false,
            "cidr_block": "10.43.0.0/16",
            "default_network_acl_id": "acl-073d8e6c8f7d04bb0",
            "default_route_table_id": "rtb-0d74b1cdc21671a57",
            "default_security_group_id": "sg-00769e6fc6f8814e2",
            "dhcp_options_id": "dopt-0f660c442eda6ddef",
            "enable_dns_hostnames": true,
            "enable_dns_support": true,
            "enable_network_address_usage_metrics": false,
            "id": "vpc-03b4abb4473ecca73",
            "instance_tenancy": "default",
            "ipv4_ipam_pool_id": null,
            "ipv4_netmask_length": null,
            "ipv6_association_id": "",
            "ipv6_cidr_block": "",
            "ipv6_cidr_block_network_border_group": "",
            "ipv6_ipam_pool_id": "",
            "ipv6_netmask_length": 0,
            "main_route_table_id": "rtb-0d74b1cdc21671a57",
            "owner_id": "835708988591",
            "tags": {
              "Name": "K8's-VPC",
              "Owner": "Zahid"
            },
            "tags_all": {
              "Name": "K8's-VPC",
              "Owner": "Zahid"
            }
          },
          "sensitive_attributes": [],
          "private": "eyJzY2hlbWFfdmVyc2lvbiI6IjEifQ=="
        }
      ]
    },
    {
      "mode": "managed",
      "type": "aws_vpc_dhcp_options",
      "name": "dns_resolver",
      "provider": "provider[\"registry.terraform.io/hashicorp/aws\"]",
      "instances": [
        {
          "schema_version": 0,
          "attributes": {
            "arn": "arn:aws:ec2:us-east-2:835708988591:dhcp-options/dopt-089cffecc48bec62a",
            "domain_name": "us-east-2.compute.internal",
            "domain_name_servers": [
              "AmazonProvidedDNS"
            ],
            "id": "dopt-089cffecc48bec62a",
            "netbios_name_servers": null,
            "netbios_node_type": "",
            "ntp_servers": null,
            "owner_id": "835708988591",
            "tags": {
              "Name": "K8's-VPC",
              "Owner": "Zahid"
            },
            "tags_all": {
              "Name": "K8's-VPC",
              "Owner": "Zahid"
            }
          },
          "sensitive_attributes": [],
          "private": "bnVsbA=="
        }
      ]
    },
    {
      "mode": "managed",
      "type": "aws_vpc_dhcp_options_association",
      "name": "dns_resolver",
      "provider": "provider[\"registry.terraform.io/hashicorp/aws\"]",
      "instances": [
        {
          "schema_version": 0,
          "attributes": {
            "dhcp_options_id": "dopt-089cffecc48bec62a",
            "id": "dopt-089cffecc48bec62a-vpc-03b4abb4473ecca73",
            "vpc_id": "vpc-03b4abb4473ecca73"
          },
          "sensitive_attributes": [],
          "private": "bnVsbA==",
          "dependencies": [
            "aws_vpc.kubernetes",
            "aws_vpc_dhcp_options.dns_resolver"
          ]
        }
      ]
    },
    {
      "mode": "managed",
      "type": "null_resource",
      "name": "certificates",
      "provider": "provider[\"registry.terraform.io/hashicorp/null\"]",
      "instances": [
        {
          "schema_version": 0,
          "attributes": {
            "id": "366953809897683826",
            "triggers": {
              "template_rendered": "{\n  \"CN\": \"kubernetes\",\n  \"hosts\": [\n    \"worker0\",\n    \"worker1\",\n    \"worker2\",\n    \"10.31.0.1\",\n    \"10.43.0.20\",\n    \"\",\n    \"\",\n    \"10.43.0.10\",\n    \"\",\n    \"\",\n    \"10.43.0.30\",\n    \"\",\n    \"\",\n    \"ip-10-43-0-20.us-east-2.compute.internal\",\n    \"\",\n    \"\",\n    \"ip-10-43-0-10.us-east-2.compute.internal\",\n    \"\",\n    \"\",\n    \"ip-10-43-0-30.us-east-2.compute.internal\",\n    \"\",\n    \"\",\n    \"k8s-elb-319016940.us-east-2.elb.amazonaws.com\",\n    \"127.0.0.1\"\n  ],\n  \"key\": {\n    \"algo\": \"rsa\",\n    \"size\": 2048\n  },\n  \"names\": [\n    {\n      \"C\": \"UK\",\n      \"L\": \"London\",\n      \"O\": \"OpenCredo\",\n      \"OU\": \"Cluster\"\n    }\n  ]\n}\n"
            }
          },
          "sensitive_attributes": [],
          "dependencies": [
            "aws_elb.kubernetes_api",
            "aws_iam_instance_profile.kubernetes",
            "aws_iam_role.kubernetes",
            "aws_instance.controller",
            "aws_instance.etcd",
            "aws_instance.worker",
            "aws_security_group.kubernetes",
            "aws_security_group.kubernetes_api",
            "aws_subnet.kubernetes",
            "aws_vpc.kubernetes",
            "data.template_file.certificates"
          ]
        }
      ]
    },
    {
      "mode": "managed",
      "type": "null_resource",
      "name": "ssh_cfg",
      "provider": "provider[\"registry.terraform.io/hashicorp/null\"]",
      "instances": [
        {
          "schema_version": 0,
          "attributes": {
            "id": "161350126405908559",
            "triggers": {
              "template_rendered": "Host etcd0\n  Hostname 18.118.166.155\n  User ubuntu\n  UserKnownHostsFile=/dev/null\n  StrictHostKeyChecking=no\n\nHost etcd1\n  Hostname \n  User ubuntu\n  UserKnownHostsFile=/dev/null\n  StrictHostKeyChecking=no\n\nHost etcd2\n  Hostname \n  User ubuntu\n  UserKnownHostsFile=/dev/null\n  StrictHostKeyChecking=no\n\nHost controller0\n  Hostname 18.226.177.72\n  User ubuntu\n  UserKnownHostsFile=/dev/null\n  StrictHostKeyChecking=no\n\nHost controller1\n  Hostname \n  User ubuntu\n  UserKnownHostsFile=/dev/null\n  StrictHostKeyChecking=no\n\nHost controller2\n  Hostname \n  User ubuntu\n  UserKnownHostsFile=/dev/null\n  StrictHostKeyChecking=no\n\nHost worker0\n  Hostname 3.15.235.55\n  User ubuntu\n  UserKnownHostsFile=/dev/null\n  StrictHostKeyChecking=no\n\nHost worker1\n  Hostname \n  User ubuntu\n  UserKnownHostsFile=/dev/null\n  StrictHostKeyChecking=no\n\nHost worker2\n  Hostname \n  User ubuntu\n  UserKnownHostsFile=/dev/null\n  StrictHostKeyChecking=no\n"
            }
          },
          "sensitive_attributes": [],
          "dependencies": [
            "aws_iam_instance_profile.kubernetes",
            "aws_iam_role.kubernetes",
            "aws_instance.controller",
            "aws_instance.etcd",
            "aws_instance.worker",
            "aws_security_group.kubernetes",
            "aws_security_group.kubernetes_api",
            "aws_subnet.kubernetes",
            "aws_vpc.kubernetes",
            "data.template_file.ssh_cfg"
          ]
        }
      ]
    }
  ],
  "check_results": null
}
